// !$*UTF8*$!
{
	archiveVersion = 1;
	classes = {
	};
	objectVersion = 46;
	objects = {

/* Begin PBXBuildFile section */
		4D0D84501EB545CF006D9996 /* AppDelegate.swift in Sources */ = {isa = PBXBuildFile; fileRef = 4D0D844F1EB545CF006D9996 /* AppDelegate.swift */; };
		4D0D84521EB545CF006D9996 /* MainVC.swift in Sources */ = {isa = PBXBuildFile; fileRef = 4D0D84511EB545CF006D9996 /* MainVC.swift */; };
		4D0D84551EB545CF006D9996 /* Main.storyboard in Resources */ = {isa = PBXBuildFile; fileRef = 4D0D84531EB545CF006D9996 /* Main.storyboard */; };
		4D0D845A1EB545CF006D9996 /* LaunchScreen.storyboard in Resources */ = {isa = PBXBuildFile; fileRef = 4D0D84581EB545CF006D9996 /* LaunchScreen.storyboard */; };
		4D0D84621EB54A6F006D9996 /* MenuVC.swift in Sources */ = {isa = PBXBuildFile; fileRef = 4D0D84611EB54A6F006D9996 /* MenuVC.swift */; };
		4D0D84641EB54D2F006D9996 /* Interactor.swift in Sources */ = {isa = PBXBuildFile; fileRef = 4D0D84631EB54D2F006D9996 /* Interactor.swift */; };
		4D0D84681EB54E56006D9996 /* PresentMenuAnimator.swift in Sources */ = {isa = PBXBuildFile; fileRef = 4D0D84671EB54E56006D9996 /* PresentMenuAnimator.swift */; };
		4D0D846A1EB54E9E006D9996 /* MenuHelper.swift in Sources */ = {isa = PBXBuildFile; fileRef = 4D0D84691EB54E9E006D9996 /* MenuHelper.swift */; };
		4D0D846C1EB556B7006D9996 /* DismissMenuAnimator.swift in Sources */ = {isa = PBXBuildFile; fileRef = 4D0D846B1EB556B7006D9996 /* DismissMenuAnimator.swift */; };
		4D6AA9761EB788F70049EC99 /* NewsVC.swift in Sources */ = {isa = PBXBuildFile; fileRef = 4D6AA9751EB788F70049EC99 /* NewsVC.swift */; };
		4D6AA97A1EB78A7A0049EC99 /* NewsItemCell.swift in Sources */ = {isa = PBXBuildFile; fileRef = 4D6AA9791EB78A7A0049EC99 /* NewsItemCell.swift */; };
		4D6AA97C1EB78B090049EC99 /* NewsItem.swift in Sources */ = {isa = PBXBuildFile; fileRef = 4D6AA97B1EB78B090049EC99 /* NewsItem.swift */; };
		4D6AA97E1EB7929B0049EC99 /* TableViewCell.swift in Sources */ = {isa = PBXBuildFile; fileRef = 4D6AA97D1EB7929B0049EC99 /* TableViewCell.swift */; };
		4D6AA9801EB7E1BF0049EC99 /* LoginBtn.swift in Sources */ = {isa = PBXBuildFile; fileRef = 4D6AA97F1EB7E1BF0049EC99 /* LoginBtn.swift */; };
		4D6AA9821EB7E32D0049EC99 /* LoginTextField.swift in Sources */ = {isa = PBXBuildFile; fileRef = 4D6AA9811EB7E32D0049EC99 /* LoginTextField.swift */; };
		4DCD87461EB6316D00B5177F /* New.swift in Sources */ = {isa = PBXBuildFile; fileRef = 4DCD87451EB6316D00B5177F /* New.swift */; };
		4DCD87481EB66FA000B5177F /* Mark.jpg in Resources */ = {isa = PBXBuildFile; fileRef = 4DCD87471EB66FA000B5177F /* Mark.jpg */; };
		4DCD874A1EB68B3C00B5177F /* MenuCell.swift in Sources */ = {isa = PBXBuildFile; fileRef = 4DCD87491EB68B3C00B5177F /* MenuCell.swift */; };
		4DCD874F1EB68C6B00B5177F /* MenuItem.swift in Sources */ = {isa = PBXBuildFile; fileRef = 4DCD874E1EB68C6B00B5177F /* MenuItem.swift */; };
		4DCD87511EB6944A00B5177F /* Assets.xcassets in Resources */ = {isa = PBXBuildFile; fileRef = 4DCD87501EB6944A00B5177F /* Assets.xcassets */; };
/* End PBXBuildFile section */

/* Begin PBXFileReference section */
		4D0D844C1EB545CF006D9996 /* AMMChat.app */ = {isa = PBXFileReference; explicitFileType = wrapper.application; includeInIndex = 0; path = AMMChat.app; sourceTree = BUILT_PRODUCTS_DIR; };
		4D0D844F1EB545CF006D9996 /* AppDelegate.swift */ = {isa = PBXFileReference; lastKnownFileType = sourcecode.swift; path = AppDelegate.swift; sourceTree = "<group>"; };
		4D0D84511EB545CF006D9996 /* MainVC.swift */ = {isa = PBXFileReference; lastKnownFileType = sourcecode.swift; path = MainVC.swift; sourceTree = "<group>"; };
		4D0D84541EB545CF006D9996 /* Base */ = {isa = PBXFileReference; lastKnownFileType = file.storyboard; name = Base; path = Base.lproj/Main.storyboard; sourceTree = "<group>"; };
		4D0D84591EB545CF006D9996 /* Base */ = {isa = PBXFileReference; lastKnownFileType = file.storyboard; name = Base; path = Base.lproj/LaunchScreen.storyboard; sourceTree = "<group>"; };
		4D0D845B1EB545CF006D9996 /* Info.plist */ = {isa = PBXFileReference; lastKnownFileType = text.plist.xml; path = Info.plist; sourceTree = "<group>"; };
		4D0D84611EB54A6F006D9996 /* MenuVC.swift */ = {isa = PBXFileReference; fileEncoding = 4; lastKnownFileType = sourcecode.swift; path = MenuVC.swift; sourceTree = "<group>"; };
		4D0D84631EB54D2F006D9996 /* Interactor.swift */ = {isa = PBXFileReference; fileEncoding = 4; lastKnownFileType = sourcecode.swift; path = Interactor.swift; sourceTree = "<group>"; };
		4D0D84671EB54E56006D9996 /* PresentMenuAnimator.swift */ = {isa = PBXFileReference; fileEncoding = 4; lastKnownFileType = sourcecode.swift; path = PresentMenuAnimator.swift; sourceTree = "<group>"; };
		4D0D84691EB54E9E006D9996 /* MenuHelper.swift */ = {isa = PBXFileReference; fileEncoding = 4; lastKnownFileType = sourcecode.swift; path = MenuHelper.swift; sourceTree = "<group>"; };
		4D0D846B1EB556B7006D9996 /* DismissMenuAnimator.swift */ = {isa = PBXFileReference; fileEncoding = 4; lastKnownFileType = sourcecode.swift; path = DismissMenuAnimator.swift; sourceTree = "<group>"; };
		4D6AA9751EB788F70049EC99 /* NewsVC.swift */ = {isa = PBXFileReference; fileEncoding = 4; lastKnownFileType = sourcecode.swift; path = NewsVC.swift; sourceTree = "<group>"; };
		4D6AA9791EB78A7A0049EC99 /* NewsItemCell.swift */ = {isa = PBXFileReference; fileEncoding = 4; lastKnownFileType = sourcecode.swift; path = NewsItemCell.swift; sourceTree = "<group>"; };
		4D6AA97B1EB78B090049EC99 /* NewsItem.swift */ = {isa = PBXFileReference; fileEncoding = 4; lastKnownFileType = sourcecode.swift; path = NewsItem.swift; sourceTree = "<group>"; };
		4D6AA97D1EB7929B0049EC99 /* TableViewCell.swift */ = {isa = PBXFileReference; fileEncoding = 4; lastKnownFileType = sourcecode.swift; path = TableViewCell.swift; sourceTree = "<group>"; };
		4D6AA97F1EB7E1BF0049EC99 /* LoginBtn.swift */ = {isa = PBXFileReference; fileEncoding = 4; lastKnownFileType = sourcecode.swift; path = LoginBtn.swift; sourceTree = "<group>"; };
		4D6AA9811EB7E32D0049EC99 /* LoginTextField.swift */ = {isa = PBXFileReference; fileEncoding = 4; lastKnownFileType = sourcecode.swift; path = LoginTextField.swift; sourceTree = "<group>"; };
		4DCD87451EB6316D00B5177F /* New.swift */ = {isa = PBXFileReference; fileEncoding = 4; lastKnownFileType = sourcecode.swift; path = New.swift; sourceTree = "<group>"; };
		4DCD87471EB66FA000B5177F /* Mark.jpg */ = {isa = PBXFileReference; lastKnownFileType = image.jpeg; path = Mark.jpg; sourceTree = "<group>"; };
		4DCD87491EB68B3C00B5177F /* MenuCell.swift */ = {isa = PBXFileReference; fileEncoding = 4; lastKnownFileType = sourcecode.swift; path = MenuCell.swift; sourceTree = "<group>"; };
		4DCD874E1EB68C6B00B5177F /* MenuItem.swift */ = {isa = PBXFileReference; fileEncoding = 4; lastKnownFileType = sourcecode.swift; path = MenuItem.swift; sourceTree = "<group>"; };
		4DCD87501EB6944A00B5177F /* Assets.xcassets */ = {isa = PBXFileReference; lastKnownFileType = folder.assetcatalog; path = Assets.xcassets; sourceTree = "<group>"; };
/* End PBXFileReference section */

/* Begin PBXFrameworksBuildPhase section */
		4D0D84491EB545CF006D9996 /* Frameworks */ = {
			isa = PBXFrameworksBuildPhase;
			buildActionMask = 2147483647;
			files = (
			);
			runOnlyForDeploymentPostprocessing = 0;
		};
/* End PBXFrameworksBuildPhase section */

/* Begin PBXGroup section */
		4D0D84431EB545CF006D9996 = {
			isa = PBXGroup;
			children = (
				4D0D844E1EB545CF006D9996 /* AMMChat */,
				4D0D844D1EB545CF006D9996 /* Products */,
			);
			sourceTree = "<group>";
		};
		4D0D844D1EB545CF006D9996 /* Products */ = {
			isa = PBXGroup;
			children = (
				4D0D844C1EB545CF006D9996 /* AMMChat.app */,
			);
			name = Products;
			sourceTree = "<group>";
		};
		4D0D844E1EB545CF006D9996 /* AMMChat */ = {
			isa = PBXGroup;
			children = (
				4DCD874D1EB68C4000B5177F /* Controller */,
				4DCD874C1EB68C3C00B5177F /* Model */,
				4DCD874B1EB68C3700B5177F /* View */,
				4D0D844F1EB545CF006D9996 /* AppDelegate.swift */,
				4D0D84531EB545CF006D9996 /* Main.storyboard */,
				4D0D84581EB545CF006D9996 /* LaunchScreen.storyboard */,
				4DCD87501EB6944A00B5177F /* Assets.xcassets */,
				4D0D845B1EB545CF006D9996 /* Info.plist */,
				4DCD87471EB66FA000B5177F /* Mark.jpg */,
			);
			path = AMMChat;
			sourceTree = "<group>";
		};
		4DCD874B1EB68C3700B5177F /* View */ = {
			isa = PBXGroup;
			children = (
				4D0D84631EB54D2F006D9996 /* Interactor.swift */,
				4DCD87491EB68B3C00B5177F /* MenuCell.swift */,
				4D6AA9791EB78A7A0049EC99 /* NewsItemCell.swift */,
				4D6AA97D1EB7929B0049EC99 /* TableViewCell.swift */,
				4D0D84691EB54E9E006D9996 /* MenuHelper.swift */,
				4D0D84671EB54E56006D9996 /* PresentMenuAnimator.swift */,
				4D0D846B1EB556B7006D9996 /* DismissMenuAnimator.swift */,
				4D6AA97F1EB7E1BF0049EC99 /* LoginBtn.swift */,
				4D6AA9811EB7E32D0049EC99 /* LoginTextField.swift */,
			);
			name = View;
			sourceTree = "<group>";
		};
		4DCD874C1EB68C3C00B5177F /* Model */ = {
			isa = PBXGroup;
			children = (
				4DCD874E1EB68C6B00B5177F /* MenuItem.swift */,
				4D6AA97B1EB78B090049EC99 /* NewsItem.swift */,
			);
			name = Model;
			sourceTree = "<group>";
		};
		4DCD874D1EB68C4000B5177F /* Controller */ = {
			isa = PBXGroup;
			children = (
				4D0D84611EB54A6F006D9996 /* MenuVC.swift */,
				4D0D84511EB545CF006D9996 /* MainVC.swift */,
				4DCD87451EB6316D00B5177F /* New.swift */,
				4D6AA9751EB788F70049EC99 /* NewsVC.swift */,
			);
			name = Controller;
			sourceTree = "<group>";
		};
/* End PBXGroup section */

/* Begin PBXNativeTarget section */
		4D0D844B1EB545CF006D9996 /* AMMChat */ = {
			isa = PBXNativeTarget;
			buildConfigurationList = 4D0D845E1EB545CF006D9996 /* Build configuration list for PBXNativeTarget "AMMChat" */;
			buildPhases = (
				4D0D84481EB545CF006D9996 /* Sources */,
				4D0D84491EB545CF006D9996 /* Frameworks */,
				4D0D844A1EB545CF006D9996 /* Resources */,
			);
			buildRules = (
			);
			dependencies = (
			);
			name = AMMChat;
			productName = AMMChat;
			productReference = 4D0D844C1EB545CF006D9996 /* AMMChat.app */;
			productType = "com.apple.product-type.application";
		};
/* End PBXNativeTarget section */

/* Begin PBXProject section */
		4D0D84441EB545CF006D9996 /* Project object */ = {
			isa = PBXProject;
			attributes = {
				LastSwiftUpdateCheck = 0830;
				LastUpgradeCheck = 0830;
				ORGANIZATIONNAME = JaneSV;
				TargetAttributes = {
					4D0D844B1EB545CF006D9996 = {
						CreatedOnToolsVersion = 8.3;
						DevelopmentTeam = JE6A9LTMD3;
						ProvisioningStyle = Automatic;
					};
				};
			};
			buildConfigurationList = 4D0D84471EB545CF006D9996 /* Build configuration list for PBXProject "AMMChat" */;
			compatibilityVersion = "Xcode 3.2";
			developmentRegion = English;
			hasScannedForEncodings = 0;
			knownRegions = (
				en,
				Base,
			);
			mainGroup = 4D0D84431EB545CF006D9996;
			productRefGroup = 4D0D844D1EB545CF006D9996 /* Products */;
			projectDirPath = "";
			projectRoot = "";
			targets = (
				4D0D844B1EB545CF006D9996 /* AMMChat */,
			);
		};
/* End PBXProject section */

/* Begin PBXResourcesBuildPhase section */
		4D0D844A1EB545CF006D9996 /* Resources */ = {
			isa = PBXResourcesBuildPhase;
			buildActionMask = 2147483647;
			files = (
				4DCD87481EB66FA000B5177F /* Mark.jpg in Resources */,
				4D0D845A1EB545CF006D9996 /* LaunchScreen.storyboard in Resources */,
				4DCD87511EB6944A00B5177F /* Assets.xcassets in Resources */,
				4D0D84551EB545CF006D9996 /* Main.storyboard in Resources */,
			);
			runOnlyForDeploymentPostprocessing = 0;
		};
/* End PBXResourcesBuildPhase section */

/* Begin PBXSourcesBuildPhase section */
		4D0D84481EB545CF006D9996 /* Sources */ = {
			isa = PBXSourcesBuildPhase;
			buildActionMask = 2147483647;
			files = (
				4D0D846A1EB54E9E006D9996 /* MenuHelper.swift in Sources */,
				4D6AA9821EB7E32D0049EC99 /* LoginTextField.swift in Sources */,
				4D6AA97A1EB78A7A0049EC99 /* NewsItemCell.swift in Sources */,
				4D0D84521EB545CF006D9996 /* MainVC.swift in Sources */,
				4D6AA97C1EB78B090049EC99 /* NewsItem.swift in Sources */,
				4D0D84501EB545CF006D9996 /* AppDelegate.swift in Sources */,
				4D6AA97E1EB7929B0049EC99 /* TableViewCell.swift in Sources */,
				4D0D846C1EB556B7006D9996 /* DismissMenuAnimator.swift in Sources */,
				4D0D84641EB54D2F006D9996 /* Interactor.swift in Sources */,
				4D6AA9761EB788F70049EC99 /* NewsVC.swift in Sources */,
				4D6AA9801EB7E1BF0049EC99 /* LoginBtn.swift in Sources */,
				4DCD874A1EB68B3C00B5177F /* MenuCell.swift in Sources */,
				4D0D84681EB54E56006D9996 /* PresentMenuAnimator.swift in Sources */,
				4DCD874F1EB68C6B00B5177F /* MenuItem.swift in Sources */,
				4D0D84621EB54A6F006D9996 /* MenuVC.swift in Sources */,
				4DCD87461EB6316D00B5177F /* New.swift in Sources */,
			);
			runOnlyForDeploymentPostprocessing = 0;
		};
/* End PBXSourcesBuildPhase section */

/* Begin PBXVariantGroup section */
		4D0D84531EB545CF006D9996 /* Main.storyboard */ = {
			isa = PBXVariantGroup;
			children = (
				4D0D84541EB545CF006D9996 /* Base */,
			);
			name = Main.storyboard;
			sourceTree = "<group>";
		};
		4D0D84581EB545CF006D9996 /* LaunchScreen.storyboard */ = {
			isa = PBXVariantGroup;
			children = (
				4D0D84591EB545CF006D9996 /* Base */,
			);
			name = LaunchScreen.storyboard;
			sourceTree = "<group>";
		};
/* End PBXVariantGroup section */

/* Begin XCBuildConfiguration section */
		4D0D845C1EB545CF006D9996 /* Debug */ = {
			isa = XCBuildConfiguration;
			buildSettings = {
				ALWAYS_SEARCH_USER_PATHS = NO;
				CLANG_ANALYZER_NONNULL = YES;
				CLANG_ANALYZER_NUMBER_OBJECT_CONVERSION = YES_AGGRESSIVE;
				CLANG_CXX_LANGUAGE_STANDARD = "gnu++0x";
				CLANG_CXX_LIBRARY = "libc++";
				CLANG_ENABLE_MODULES = YES;
				CLANG_ENABLE_OBJC_ARC = YES;
				CLANG_WARN_BOOL_CONVERSION = YES;
				CLANG_WARN_CONSTANT_CONVERSION = YES;
				CLANG_WARN_DIRECT_OBJC_ISA_USAGE = YES_ERROR;
				CLANG_WARN_DOCUMENTATION_COMMENTS = YES;
				CLANG_WARN_EMPTY_BODY = YES;
				CLANG_WARN_ENUM_CONVERSION = YES;
				CLANG_WARN_INFINITE_RECURSION = YES;
				CLANG_WARN_INT_CONVERSION = YES;
				CLANG_WARN_OBJC_ROOT_CLASS = YES_ERROR;
				CLANG_WARN_SUSPICIOUS_MOVE = YES;
				CLANG_WARN_UNREACHABLE_CODE = YES;
				CLANG_WARN__DUPLICATE_METHOD_MATCH = YES;
				"CODE_SIGN_IDENTITY[sdk=iphoneos*]" = "iPhone Developer";
				COPY_PHASE_STRIP = NO;
				DEBUG_INFORMATION_FORMAT = dwarf;
				ENABLE_STRICT_OBJC_MSGSEND = YES;
				ENABLE_TESTABILITY = YES;
				GCC_C_LANGUAGE_STANDARD = gnu99;
				GCC_DYNAMIC_NO_PIC = NO;
				GCC_NO_COMMON_BLOCKS = YES;
				GCC_OPTIMIZATION_LEVEL = 0;
				GCC_PREPROCESSOR_DEFINITIONS = (
					"DEBUG=1",
					"$(inherited)",
				);
				GCC_WARN_64_TO_32_BIT_CONVERSION = YES;
				GCC_WARN_ABOUT_RETURN_TYPE = YES_ERROR;
				GCC_WARN_UNDECLARED_SELECTOR = YES;
				GCC_WARN_UNINITIALIZED_AUTOS = YES_AGGRESSIVE;
				GCC_WARN_UNUSED_FUNCTION = YES;
				GCC_WARN_UNUSED_VARIABLE = YES;
				IPHONEOS_DEPLOYMENT_TARGET = 10.3;
				MTL_ENABLE_DEBUG_INFO = YES;
				ONLY_ACTIVE_ARCH = YES;
				SDKROOT = iphoneos;
				SWIFT_ACTIVE_COMPILATION_CONDITIONS = DEBUG;
				SWIFT_OPTIMIZATION_LEVEL = "-Onone";
			};
			name = Debug;
		};
		4D0D845D1EB545CF006D9996 /* Release */ = {
			isa = XCBuildConfiguration;
			buildSettings = {
				ALWAYS_SEARCH_USER_PATHS = NO;
				CLANG_ANALYZER_NONNULL = YES;
				CLANG_ANALYZER_NUMBER_OBJECT_CONVERSION = YES_AGGRESSIVE;
				CLANG_CXX_LANGUAGE_STANDARD = "gnu++0x";
				CLANG_CXX_LIBRARY = "libc++";
				CLANG_ENABLE_MODULES = YES;
				CLANG_ENABLE_OBJC_ARC = YES;
				CLANG_WARN_BOOL_CONVERSION = YES;
				CLANG_WARN_CONSTANT_CONVERSION = YES;
				CLANG_WARN_DIRECT_OBJC_ISA_USAGE = YES_ERROR;
				CLANG_WARN_DOCUMENTATION_COMMENTS = YES;
				CLANG_WARN_EMPTY_BODY = YES;
				CLANG_WARN_ENUM_CONVERSION = YES;
				CLANG_WARN_INFINITE_RECURSION = YES;
				CLANG_WARN_INT_CONVERSION = YES;
				CLANG_WARN_OBJC_ROOT_CLASS = YES_ERROR;
				CLANG_WARN_SUSPICIOUS_MOVE = YES;
				CLANG_WARN_UNREACHABLE_CODE = YES;
				CLANG_WARN__DUPLICATE_METHOD_MATCH = YES;
				"CODE_SIGN_IDENTITY[sdk=iphoneos*]" = "iPhone Developer";
				COPY_PHASE_STRIP = NO;
				DEBUG_INFORMATION_FORMAT = "dwarf-with-dsym";
				ENABLE_NS_ASSERTIONS = NO;
				ENABLE_STRICT_OBJC_MSGSEND = YES;
				GCC_C_LANGUAGE_STANDARD = gnu99;
				GCC_NO_COMMON_BLOCKS = YES;
				GCC_WARN_64_TO_32_BIT_CONVERSION = YES;
				GCC_WARN_ABOUT_RETURN_TYPE = YES_ERROR;
				GCC_WARN_UNDECLARED_SELECTOR = YES;
				GCC_WARN_UNINITIALIZED_AUTOS = YES_AGGRESSIVE;
				GCC_WARN_UNUSED_FUNCTION = YES;
				GCC_WARN_UNUSED_VARIABLE = YES;
				IPHONEOS_DEPLOYMENT_TARGET = 10.3;
				MTL_ENABLE_DEBUG_INFO = NO;
				SDKROOT = iphoneos;
				SWIFT_OPTIMIZATION_LEVEL = "-Owholemodule";
				VALIDATE_PRODUCT = YES;
			};
			name = Release;
		};
		4D0D845F1EB545CF006D9996 /* Debug */ = {
			isa = XCBuildConfiguration;
			buildSettings = {
				ASSETCATALOG_COMPILER_APPICON_NAME = AppIcon;
				DEVELOPMENT_TEAM = JE6A9LTMD3;
				INFOPLIST_FILE = AMMChat/Info.plist;
				LD_RUNPATH_SEARCH_PATHS = "$(inherited) @executable_path/Frameworks";
				PRODUCT_BUNDLE_IDENTIFIER = me.janesv.AMMChat;
				PRODUCT_NAME = "$(TARGET_NAME)";
				SWIFT_VERSION = 3.0;
			};
			name = Debug;
		};
		4D0D84601EB545CF006D9996 /* Release */ = {
			isa = XCBuildConfiguration;
			buildSettings = {
				ASSETCATALOG_COMPILER_APPICON_NAME = AppIcon;
				DEVELOPMENT_TEAM = JE6A9LTMD3;
				INFOPLIST_FILE = AMMChat/Info.plist;
				LD_RUNPATH_SEARCH_PATHS = "$(inherited) @executable_path/Frameworks";
				PRODUCT_BUNDLE_IDENTIFIER = me.janesv.AMMChat;
				PRODUCT_NAME = "$(TARGET_NAME)";
				SWIFT_VERSION = 3.0;
			};
			name = Release;
		};
/* End XCBuildConfiguration section */

/* Begin XCConfigurationList section */
		4D0D84471EB545CF006D9996 /* Build configuration list for PBXProject "AMMChat" */ = {
			isa = XCConfigurationList;
			buildConfigurations = (
				4D0D845C1EB545CF006D9996 /* Debug */,
				4D0D845D1EB545CF006D9996 /* Release */,
			);
			defaultConfigurationIsVisible = 0;
			defaultConfigurationName = Release;
		};
		4D0D845E1EB545CF006D9996 /* Build configuration list for PBXNativeTarget "AMMChat" */ = {
			isa = XCConfigurationList;
			buildConfigurations = (
				4D0D845F1EB545CF006D9996 /* Debug */,
				4D0D84601EB545CF006D9996 /* Release */,
			);
			defaultConfigurationIsVisible = 0;
			defaultConfigurationName = Release;
		};
/* End XCConfigurationList section */
	};
	rootObject = 4D0D84441EB545CF006D9996 /* Project object */;
}
